PODS:
  - "app_settings (3.0.0+1)":
    - Flutter
  - compressimage (0.0.1):
    - Flutter
  - connectivity (0.0.1):
    - Flutter
    - Reachability
  - downloads_path_provider (0.0.1):
    - Flutter
  - Flutter (1.0.0)
  - flutter_exif_rotation (0.0.1):
    - Flutter
  - flutter_files_picker (0.0.2):
    - Flutter
  - flutter_money_formatter (0.0.1):
    - Flutter
  - flutter_statusbarcolor (0.0.1):
    - Flutter
  - FMDB (2.7.5):
    - FMDB/standard (= 2.7.5)
  - FMDB/standard (2.7.5)
  - gallery_saver (0.0.1):
    - Flutter
  - libphonenumber (0.0.1):
    - Flutter
    - libPhoneNumber-iOS
  - libPhoneNumber-iOS (0.9.15)
  - local_auth (0.0.1):
    - Flutter
  - OneSignal (2.16.1)
  - onesignal_flutter (2.6.2):
    - Flutter
    - OneSignal (= 2.16.1)
  - package_info (0.0.1):
    - Flutter
  - path_provider (0.0.1):
    - Flutter
  - "permission_handler (4.4.0+hotfix.4)":
    - Flutter
  - Reachability (3.2)
  - share (0.0.1):
    - Flutter
  - shared_preferences (0.0.1):
    - Flutter
  - sms_autofill (0.0.1):
    - Flutter
  - speech_to_text (0.0.1):
    - Flutter
    - Try
  - sqflite (0.0.1):
    - Flutter
    - FMDB (~> 2.7.2)
  - store_redirect (0.0.1):
    - Flutter
  - Try (2.1.1)
  - unique_identifier (0.0.1):
    - Flutter
  - url_launcher (0.0.1):
    - Flutter
  - video_player (0.0.1):
    - Flutter
  - wakelock (0.0.1):
    - Flutter
  - webview_flutter (0.0.1):
    - Flutter

DEPENDENCIES:
  - app_settings (from `.symlinks/plugins/app_settings/ios`)
  - compressimage (from `.symlinks/plugins/compressimage/ios`)
  - connectivity (from `.symlinks/plugins/connectivity/ios`)
  - downloads_path_provider (from `.symlinks/plugins/downloads_path_provider/ios`)
  - Flutter (from `Flutter`)
  - flutter_exif_rotation (from `.symlinks/plugins/flutter_exif_rotation/ios`)
  - flutter_files_picker (from `.symlinks/plugins/flutter_files_picker/ios`)
  - flutter_money_formatter (from `.symlinks/plugins/flutter_money_formatter/ios`)
  - flutter_statusbarcolor (from `.symlinks/plugins/flutter_statusbarcolor/ios`)
  - gallery_saver (from `.symlinks/plugins/gallery_saver/ios`)
  - libphonenumber (from `.symlinks/plugins/libphonenumber/ios`)
  - local_auth (from `.symlinks/plugins/local_auth/ios`)
  - OneSignal (< 3.0, >= 2.7.1)
  - onesignal_flutter (from `.symlinks/plugins/onesignal_flutter/ios`)
  - package_info (from `.symlinks/plugins/package_info/ios`)
  - path_provider (from `.symlinks/plugins/path_provider/ios`)
  - permission_handler (from `.symlinks/plugins/permission_handler/ios`)
  - share (from `.symlinks/plugins/share/ios`)
  - shared_preferences (from `.symlinks/plugins/shared_preferences/ios`)
  - sms_autofill (from `.symlinks/plugins/sms_autofill/ios`)
  - speech_to_text (from `.symlinks/plugins/speech_to_text/ios`)
  - sqflite (from `.symlinks/plugins/sqflite/ios`)
  - store_redirect (from `.symlinks/plugins/store_redirect/ios`)
  - unique_identifier (from `.symlinks/plugins/unique_identifier/ios`)
  - url_launcher (from `.symlinks/plugins/url_launcher/ios`)
  - video_player (from `.symlinks/plugins/video_player/ios`)
  - wakelock (from `.symlinks/plugins/wakelock/ios`)
  - webview_flutter (from `.symlinks/plugins/webview_flutter/ios`)

SPEC REPOS:
  trunk:
    - FMDB
    - libPhoneNumber-iOS
    - OneSignal
    - Reachability
    - Try

EXTERNAL SOURCES:
  app_settings:
    :path: ".symlinks/plugins/app_settings/ios"
  compressimage:
    :path: ".symlinks/plugins/compressimage/ios"
  connectivity:
    :path: ".symlinks/plugins/connectivity/ios"
  downloads_path_provider:
    :path: ".symlinks/plugins/downloads_path_provider/ios"
  Flutter:
    :path: Flutter
  flutter_exif_rotation:
    :path: ".symlinks/plugins/flutter_exif_rotation/ios"
  flutter_files_picker:
    :path: ".symlinks/plugins/flutter_files_picker/ios"
  flutter_money_formatter:
    :path: ".symlinks/plugins/flutter_money_formatter/ios"
  flutter_statusbarcolor:
    :path: ".symlinks/plugins/flutter_statusbarcolor/ios"
  gallery_saver:
    :path: ".symlinks/plugins/gallery_saver/ios"
  libphonenumber:
    :path: ".symlinks/plugins/libphonenumber/ios"
  local_auth:
    :path: ".symlinks/plugins/local_auth/ios"
  onesignal_flutter:
    :path: ".symlinks/plugins/onesignal_flutter/ios"
  package_info:
    :path: ".symlinks/plugins/package_info/ios"
  path_provider:
    :path: ".symlinks/plugins/path_provider/ios"
  permission_handler:
    :path: ".symlinks/plugins/permission_handler/ios"
  share:
    :path: ".symlinks/plugins/share/ios"
  shared_preferences:
    :path: ".symlinks/plugins/shared_preferences/ios"
  sms_autofill:
    :path: ".symlinks/plugins/sms_autofill/ios"
  speech_to_text:
    :path: ".symlinks/plugins/speech_to_text/ios"
  sqflite:
    :path: ".symlinks/plugins/sqflite/ios"
  store_redirect:
    :path: ".symlinks/plugins/store_redirect/ios"
  unique_identifier:
    :path: ".symlinks/plugins/unique_identifier/ios"
  url_launcher:
    :path: ".symlinks/plugins/url_launcher/ios"
  video_player:
    :path: ".symlinks/plugins/video_player/ios"
  wakelock:
    :path: ".symlinks/plugins/wakelock/ios"
  webview_flutter:
    :path: ".symlinks/plugins/webview_flutter/ios"

SPEC CHECKSUMS:
  app_settings: d103828c9f5d515c4df9ee754dabd443f7cedcf3
  compressimage: 4f597b00f6e66bdc43d0aec5f0b9e415f3b03bbd
  connectivity: c4130b2985d4ef6fd26f9702e886bd5260681467
  downloads_path_provider: fe0d06888d4b8c055a59edbc2f51f03e63cb0e28
  Flutter: 0e3d915762c693b495b44d77113d4970485de6ec
  flutter_exif_rotation: 85a029bc8f10235c50736be688519f4037a87f13
  flutter_files_picker: 10942b5e4c22c90e3da2faf82dc8bf9f83660089
  flutter_money_formatter: d0d18ddc5be333fad8d09964d741b59fa11a91dc
  flutter_statusbarcolor: 8afb1071ed8c58be929f1e32b36c629771fd2259
  FMDB: 2ce00b547f966261cd18927a3ddb07cb6f3db82a
  gallery_saver: 9fc173c9f4fcc48af53b2a9ebea1b643255be542
  libphonenumber: bd14d5abfc5939ab0b0767234e2d8e2593af258e
  libPhoneNumber-iOS: 0a32a9525cf8744fe02c5206eb30d571e38f7d75
  local_auth: 17f985934bb4ab2637431e5b3fe1b2d6698d2051
  OneSignal: 5f6514ec2b931306eb067acb124afbb2e49970af
  onesignal_flutter: 260bb95c0a2d791c990c7bd8749525c9834d43fc
  package_info: 873975fc26034f0b863a300ad47e7f1ac6c7ec62
  path_provider: abfe2b5c733d04e238b0d8691db0cfd63a27a93c
  permission_handler: 8278954f2382902f63f00dd8828769c0bd6d511b
  Reachability: 33e18b67625424e47b6cde6d202dce689ad7af96
  share: 0b2c3e82132f5888bccca3351c504d0003b3b410
  shared_preferences: af6bfa751691cdc24be3045c43ec037377ada40d
  sms_autofill: c461043483362c3f1709ee76eaae6eb570b31686
  speech_to_text: b43a7d99aef037bd758ed8e45d79bbac035d2dfe
  sqflite: 4001a31ff81d210346b500c55b17f4d6c7589dd0
  store_redirect: 2977747cf81689a39bd62c248c2deacb7a0d131e
  Try: 5ef669ae832617b3cee58cb2c6f99fb767a4ff96
  unique_identifier: ebb92b4bc4ad9c2c93f85cb5e02f70ad168a2bd6
  url_launcher: 6fef411d543ceb26efce54b05a0a40bfd74cbbef
  video_player: 9cc823b1d9da7e8427ee591e8438bfbcde500e6e
  wakelock: bfc7955c418d0db797614075aabbc58a39ab5107
  webview_flutter: d2b4d6c66968ad042ad94cbb791f5b72b4678a96

PODFILE CHECKSUM: 6fafb14ff954ec0d94194edf038d84201d7be595

COCOAPODS: 1.9.3
